
Microsoft Visual Studio Solution File, Format Version 12.00
# Visual Studio Version 16
VisualStudioVersion = 16.0.29728.190
MinimumVisualStudioVersion = 10.0.40219.1
Project("{FAE04EC0-301F-11D3-BF4B-00C04F79EFBC}") = "Asu's Dolpatcher", "Asu's Dolpatcher\Asu's Dolpatcher.csproj", "{CF2DA972-A137-4693-9B4B-45E713B96FDE}"
EndProject
Global
	GlobalSection(SolutionConfigurationPlatforms) = preSolution
		Debug|Any CPU = Debug|Any CPU
		Release|Any CPU = Release|Any CPU
	EndGlobalSection
	GlobalSection(ProjectConfigurationPlatforms) = postSolution
		{CF2DA972-A137-4693-9B4B-45E713B96FDE}.Debug|Any CPU.ActiveCfg = Debug|Any CPU
		{CF2DA972-A137-4693-9B4B-45E713B96FDE}.Debug|Any CPU.Build.0 = Debug|Any CPU
		{CF2DA972-A137-4693-9B4B-45E713B96FDE}.Release|Any CPU.ActiveCfg = Release|Any CPU
		{CF2DA972-A137-4693-9B4B-45E713B96FDE}.Release|Any CPU.Build.0 = Release|Any CPU
	EndGlobalSection
	GlobalSection(SolutionProperties) = preSolution
		HideSolutionNode = FALSE
	EndGlobalSection
	GlobalSection(ExtensibilityGlobals) = postSolution
		SolutionGuid = {8BE97F47-77EB-4BD8-866C-ED9935E23880}
	EndGlobalSection
EndGlobal
